
Microsoft Visual Studio Solution File, Format Version 12.00
# Visual Studio Version 16
VisualStudioVersion = 16.0.31129.286
MinimumVisualStudioVersion = 10.0.40219.1
Project("{9A19103F-16F7-4668-BE54-9A1E7A4F7556}") = "SeleniumFrameworkincsharp", "..\SeleniumFrameworkincsharp\SeleniumFrameworkincsharp.csproj", "{B70F534F-D408-4D66-B183-98B7123674B5}"
EndProject
Project("{FAE04EC0-301F-11D3-BF4B-00C04F79EFBC}") = "Csharpframework", "Cshapframework\Csharpframework.csproj", "{26962A55-7352-4EAC-BBD9-F9EDF713543C}"
EndProject
Global
	GlobalSection(SolutionConfigurationPlatforms) = preSolution
		Debug|Any CPU = Debug|Any CPU
		Release|Any CPU = Release|Any CPU
	EndGlobalSection
	GlobalSection(ProjectConfigurationPlatforms) = postSolution
		{B70F534F-D408-4D66-B183-98B7123674B5}.Debug|Any CPU.ActiveCfg = Debug|Any CPU
		{B70F534F-D408-4D66-B183-98B7123674B5}.Debug|Any CPU.Build.0 = Debug|Any CPU
		{B70F534F-D408-4D66-B183-98B7123674B5}.Release|Any CPU.ActiveCfg = Release|Any CPU
		{B70F534F-D408-4D66-B183-98B7123674B5}.Release|Any CPU.Build.0 = Release|Any CPU
		{26962A55-7352-4EAC-BBD9-F9EDF713543C}.Debug|Any CPU.ActiveCfg = Debug|Any CPU
		{26962A55-7352-4EAC-BBD9-F9EDF713543C}.Debug|Any CPU.Build.0 = Debug|Any CPU
		{26962A55-7352-4EAC-BBD9-F9EDF713543C}.Release|Any CPU.ActiveCfg = Release|Any CPU
		{26962A55-7352-4EAC-BBD9-F9EDF713543C}.Release|Any CPU.Build.0 = Release|Any CPU
	EndGlobalSection
	GlobalSection(SolutionProperties) = preSolution
		HideSolutionNode = FALSE
	EndGlobalSection
	GlobalSection(ExtensibilityGlobals) = postSolution
		SolutionGuid = {EB2E475F-0A65-44A8-B805-C855689A08AE}
	EndGlobalSection
EndGlobal
